// !$*UTF8*$!
{
	archiveVersion = 1;
	classes = {
	};
	objectVersion = 55;
	objects = {

/* Begin PBXBuildFile section */
		5C4728E8D2077DFD725D0576 /* Pods_SimpleSwap.framework in Frameworks */ = {isa = PBXBuildFile; fileRef = 58C8E257C5C1FDF7B8864540 /* Pods_SimpleSwap.framework */; };
		925FEB92C2EB7B32D96DC66B /* Pods_SimpleSwapTests.framework in Frameworks */ = {isa = PBXBuildFile; fileRef = D9E34C30A19925D4547812D6 /* Pods_SimpleSwapTests.framework */; };
		9F1F862329DBD5AC00C6BCA3 /* AppDelegate.swift in Sources */ = {isa = PBXBuildFile; fileRef = 9F1F862229DBD5AC00C6BCA3 /* AppDelegate.swift */; };
		9F1F862529DBD5AC00C6BCA3 /* SceneDelegate.swift in Sources */ = {isa = PBXBuildFile; fileRef = 9F1F862429DBD5AC00C6BCA3 /* SceneDelegate.swift */; };
		9F1F862729DBD5AC00C6BCA3 /* ViewController.swift in Sources */ = {isa = PBXBuildFile; fileRef = 9F1F862629DBD5AC00C6BCA3 /* ViewController.swift */; };
		9F1F862A29DBD5AC00C6BCA3 /* Main.storyboard in Resources */ = {isa = PBXBuildFile; fileRef = 9F1F862829DBD5AC00C6BCA3 /* Main.storyboard */; };
		9F1F862C29DBD5AD00C6BCA3 /* Assets.xcassets in Resources */ = {isa = PBXBuildFile; fileRef = 9F1F862B29DBD5AD00C6BCA3 /* Assets.xcassets */; };
		9F1F862F29DBD5AD00C6BCA3 /* LaunchScreen.storyboard in Resources */ = {isa = PBXBuildFile; fileRef = 9F1F862D29DBD5AD00C6BCA3 /* LaunchScreen.storyboard */; };
		9F1F863A29DBD5AD00C6BCA3 /* SimpleSwapTests.swift in Sources */ = {isa = PBXBuildFile; fileRef = 9F1F863929DBD5AD00C6BCA3 /* SimpleSwapTests.swift */; };
		9F1F864429DBD5AD00C6BCA3 /* SimpleSwapUITests.swift in Sources */ = {isa = PBXBuildFile; fileRef = 9F1F864329DBD5AD00C6BCA3 /* SimpleSwapUITests.swift */; };
		9F1F864629DBD5AD00C6BCA3 /* SimpleSwapUITestsLaunchTests.swift in Sources */ = {isa = PBXBuildFile; fileRef = 9F1F864529DBD5AD00C6BCA3 /* SimpleSwapUITestsLaunchTests.swift */; };
		9F1F865929DBDB6B00C6BCA3 /* ConverViewController.swift in Sources */ = {isa = PBXBuildFile; fileRef = 9F1F865829DBDB6B00C6BCA3 /* ConverViewController.swift */; };
		9F1F865B29DBDBC200C6BCA3 /* SymbolsViewController.swift in Sources */ = {isa = PBXBuildFile; fileRef = 9F1F865A29DBDBC200C6BCA3 /* SymbolsViewController.swift */; };
		BA1053BC05AD7BAFBCE47051 /* Pods_SimpleSwap_SimpleSwapUITests.framework in Frameworks */ = {isa = PBXBuildFile; fileRef = 42AFD037EDC8E3509A202E53 /* Pods_SimpleSwap_SimpleSwapUITests.framework */; };
/* End PBXBuildFile section */

/* Begin PBXContainerItemProxy section */
		9F1F863629DBD5AD00C6BCA3 /* PBXContainerItemProxy */ = {
			isa = PBXContainerItemProxy;
			containerPortal = 9F1F861729DBD5AB00C6BCA3 /* Project object */;
			proxyType = 1;
			remoteGlobalIDString = 9F1F861E29DBD5AB00C6BCA3;
			remoteInfo = SimpleSwap;
		};
		9F1F864029DBD5AD00C6BCA3 /* PBXContainerItemProxy */ = {
			isa = PBXContainerItemProxy;
			containerPortal = 9F1F861729DBD5AB00C6BCA3 /* Project object */;
			proxyType = 1;
			remoteGlobalIDString = 9F1F861E29DBD5AB00C6BCA3;
			remoteInfo = SimpleSwap;
		};
/* End PBXContainerItemProxy section */

/* Begin PBXFileReference section */
		2DF693295F2D39F077BA1802 /* Pods-SimpleSwapTests.debug.xcconfig */ = {isa = PBXFileReference; includeInIndex = 1; lastKnownFileType = text.xcconfig; name = "Pods-SimpleSwapTests.debug.xcconfig"; path = "Target Support Files/Pods-SimpleSwapTests/Pods-SimpleSwapTests.debug.xcconfig"; sourceTree = "<group>"; };
		42AFD037EDC8E3509A202E53 /* Pods_SimpleSwap_SimpleSwapUITests.framework */ = {isa = PBXFileReference; explicitFileType = wrapper.framework; includeInIndex = 0; path = Pods_SimpleSwap_SimpleSwapUITests.framework; sourceTree = BUILT_PRODUCTS_DIR; };
		504B5A66C6BB5AB33C52A6B1 /* Pods-SimpleSwap-SimpleSwapUITests.release.xcconfig */ = {isa = PBXFileReference; includeInIndex = 1; lastKnownFileType = text.xcconfig; name = "Pods-SimpleSwap-SimpleSwapUITests.release.xcconfig"; path = "Target Support Files/Pods-SimpleSwap-SimpleSwapUITests/Pods-SimpleSwap-SimpleSwapUITests.release.xcconfig"; sourceTree = "<group>"; };
		58C8E257C5C1FDF7B8864540 /* Pods_SimpleSwap.framework */ = {isa = PBXFileReference; explicitFileType = wrapper.framework; includeInIndex = 0; path = Pods_SimpleSwap.framework; sourceTree = BUILT_PRODUCTS_DIR; };
		8AF1BD4E41EC3AE5D71505C6 /* Pods-SimpleSwap.release.xcconfig */ = {isa = PBXFileReference; includeInIndex = 1; lastKnownFileType = text.xcconfig; name = "Pods-SimpleSwap.release.xcconfig"; path = "Target Support Files/Pods-SimpleSwap/Pods-SimpleSwap.release.xcconfig"; sourceTree = "<group>"; };
		9E37E7EEB2FB517A59FA0596 /* Pods-SimpleSwap-SimpleSwapUITests.debug.xcconfig */ = {isa = PBXFileReference; includeInIndex = 1; lastKnownFileType = text.xcconfig; name = "Pods-SimpleSwap-SimpleSwapUITests.debug.xcconfig"; path = "Target Support Files/Pods-SimpleSwap-SimpleSwapUITests/Pods-SimpleSwap-SimpleSwapUITests.debug.xcconfig"; sourceTree = "<group>"; };
		9F1F861F29DBD5AC00C6BCA3 /* SimpleSwap.app */ = {isa = PBXFileReference; explicitFileType = wrapper.application; includeInIndex = 0; path = SimpleSwap.app; sourceTree = BUILT_PRODUCTS_DIR; };
		9F1F862229DBD5AC00C6BCA3 /* AppDelegate.swift */ = {isa = PBXFileReference; lastKnownFileType = sourcecode.swift; path = AppDelegate.swift; sourceTree = "<group>"; };
		9F1F862429DBD5AC00C6BCA3 /* SceneDelegate.swift */ = {isa = PBXFileReference; lastKnownFileType = sourcecode.swift; path = SceneDelegate.swift; sourceTree = "<group>"; };
		9F1F862629DBD5AC00C6BCA3 /* ViewController.swift */ = {isa = PBXFileReference; lastKnownFileType = sourcecode.swift; path = ViewController.swift; sourceTree = "<group>"; };
		9F1F862929DBD5AC00C6BCA3 /* Base */ = {isa = PBXFileReference; lastKnownFileType = file.storyboard; name = Base; path = Base.lproj/Main.storyboard; sourceTree = "<group>"; };
		9F1F862B29DBD5AD00C6BCA3 /* Assets.xcassets */ = {isa = PBXFileReference; lastKnownFileType = folder.assetcatalog; path = Assets.xcassets; sourceTree = "<group>"; };
		9F1F862E29DBD5AD00C6BCA3 /* Base */ = {isa = PBXFileReference; lastKnownFileType = file.storyboard; name = Base; path = Base.lproj/LaunchScreen.storyboard; sourceTree = "<group>"; };
		9F1F863029DBD5AD00C6BCA3 /* Info.plist */ = {isa = PBXFileReference; lastKnownFileType = text.plist.xml; path = Info.plist; sourceTree = "<group>"; };
		9F1F863529DBD5AD00C6BCA3 /* SimpleSwapTests.xctest */ = {isa = PBXFileReference; explicitFileType = wrapper.cfbundle; includeInIndex = 0; path = SimpleSwapTests.xctest; sourceTree = BUILT_PRODUCTS_DIR; };
		9F1F863929DBD5AD00C6BCA3 /* SimpleSwapTests.swift */ = {isa = PBXFileReference; lastKnownFileType = sourcecode.swift; path = SimpleSwapTests.swift; sourceTree = "<group>"; };
		9F1F863F29DBD5AD00C6BCA3 /* SimpleSwapUITests.xctest */ = {isa = PBXFileReference; explicitFileType = wrapper.cfbundle; includeInIndex = 0; path = SimpleSwapUITests.xctest; sourceTree = BUILT_PRODUCTS_DIR; };
		9F1F864329DBD5AD00C6BCA3 /* SimpleSwapUITests.swift */ = {isa = PBXFileReference; lastKnownFileType = sourcecode.swift; path = SimpleSwapUITests.swift; sourceTree = "<group>"; };
		9F1F864529DBD5AD00C6BCA3 /* SimpleSwapUITestsLaunchTests.swift */ = {isa = PBXFileReference; lastKnownFileType = sourcecode.swift; path = SimpleSwapUITestsLaunchTests.swift; sourceTree = "<group>"; };
		9F1F865829DBDB6B00C6BCA3 /* ConverViewController.swift */ = {isa = PBXFileReference; lastKnownFileType = sourcecode.swift; path = ConverViewController.swift; sourceTree = "<group>"; };
		9F1F865A29DBDBC200C6BCA3 /* SymbolsViewController.swift */ = {isa = PBXFileReference; lastKnownFileType = sourcecode.swift; path = SymbolsViewController.swift; sourceTree = "<group>"; };
		D9E34C30A19925D4547812D6 /* Pods_SimpleSwapTests.framework */ = {isa = PBXFileReference; explicitFileType = wrapper.framework; includeInIndex = 0; path = Pods_SimpleSwapTests.framework; sourceTree = BUILT_PRODUCTS_DIR; };
		DED6CD20F7282A070E427F37 /* Pods-SimpleSwap.debug.xcconfig */ = {isa = PBXFileReference; includeInIndex = 1; lastKnownFileType = text.xcconfig; name = "Pods-SimpleSwap.debug.xcconfig"; path = "Target Support Files/Pods-SimpleSwap/Pods-SimpleSwap.debug.xcconfig"; sourceTree = "<group>"; };
		EEC659B4A297BD716F5FECD8 /* Pods-SimpleSwapTests.release.xcconfig */ = {isa = PBXFileReference; includeInIndex = 1; lastKnownFileType = text.xcconfig; name = "Pods-SimpleSwapTests.release.xcconfig"; path = "Target Support Files/Pods-SimpleSwapTests/Pods-SimpleSwapTests.release.xcconfig"; sourceTree = "<group>"; };
/* End PBXFileReference section */

/* Begin PBXFrameworksBuildPhase section */
		9F1F861C29DBD5AB00C6BCA3 /* Frameworks */ = {
			isa = PBXFrameworksBuildPhase;
			buildActionMask = 2147483647;
			files = (
				5C4728E8D2077DFD725D0576 /* Pods_SimpleSwap.framework in Frameworks */,
			);
			runOnlyForDeploymentPostprocessing = 0;
		};
		9F1F863229DBD5AD00C6BCA3 /* Frameworks */ = {
			isa = PBXFrameworksBuildPhase;
			buildActionMask = 2147483647;
			files = (
				925FEB92C2EB7B32D96DC66B /* Pods_SimpleSwapTests.framework in Frameworks */,
			);
			runOnlyForDeploymentPostprocessing = 0;
		};
		9F1F863C29DBD5AD00C6BCA3 /* Frameworks */ = {
			isa = PBXFrameworksBuildPhase;
			buildActionMask = 2147483647;
			files = (
				BA1053BC05AD7BAFBCE47051 /* Pods_SimpleSwap_SimpleSwapUITests.framework in Frameworks */,
			);
			runOnlyForDeploymentPostprocessing = 0;
		};
/* End PBXFrameworksBuildPhase section */

/* Begin PBXGroup section */
		9F1F861629DBD5AB00C6BCA3 = {
			isa = PBXGroup;
			children = (
				9F1F862129DBD5AC00C6BCA3 /* SimpleSwap */,
				9F1F863829DBD5AD00C6BCA3 /* SimpleSwapTests */,
				9F1F864229DBD5AD00C6BCA3 /* SimpleSwapUITests */,
				9F1F862029DBD5AC00C6BCA3 /* Products */,
				A94CE178EE2EA764E4224492 /* Pods */,
				D1049142B9BB9A40592A7B59 /* Frameworks */,
			);
			sourceTree = "<group>";
		};
		9F1F862029DBD5AC00C6BCA3 /* Products */ = {
			isa = PBXGroup;
			children = (
				9F1F861F29DBD5AC00C6BCA3 /* SimpleSwap.app */,
				9F1F863529DBD5AD00C6BCA3 /* SimpleSwapTests.xctest */,
				9F1F863F29DBD5AD00C6BCA3 /* SimpleSwapUITests.xctest */,
			);
			name = Products;
			sourceTree = "<group>";
		};
		9F1F862129DBD5AC00C6BCA3 /* SimpleSwap */ = {
			isa = PBXGroup;
			children = (
				9F1F862229DBD5AC00C6BCA3 /* AppDelegate.swift */,
				9F1F862429DBD5AC00C6BCA3 /* SceneDelegate.swift */,
				9F1F862629DBD5AC00C6BCA3 /* ViewController.swift */,
				9F1F865829DBDB6B00C6BCA3 /* ConverViewController.swift */,
				9F1F865A29DBDBC200C6BCA3 /* SymbolsViewController.swift */,
				9F1F862829DBD5AC00C6BCA3 /* Main.storyboard */,
				9F1F862B29DBD5AD00C6BCA3 /* Assets.xcassets */,
				9F1F862D29DBD5AD00C6BCA3 /* LaunchScreen.storyboard */,
				9F1F863029DBD5AD00C6BCA3 /* Info.plist */,
			);
			path = SimpleSwap;
			sourceTree = "<group>";
		};
		9F1F863829DBD5AD00C6BCA3 /* SimpleSwapTests */ = {
			isa = PBXGroup;
			children = (
				9F1F863929DBD5AD00C6BCA3 /* SimpleSwapTests.swift */,
			);
			path = SimpleSwapTests;
			sourceTree = "<group>";
		};
		9F1F864229DBD5AD00C6BCA3 /* SimpleSwapUITests */ = {
			isa = PBXGroup;
			children = (
				9F1F864329DBD5AD00C6BCA3 /* SimpleSwapUITests.swift */,
				9F1F864529DBD5AD00C6BCA3 /* SimpleSwapUITestsLaunchTests.swift */,
			);
			path = SimpleSwapUITests;
			sourceTree = "<group>";
		};
		A94CE178EE2EA764E4224492 /* Pods */ = {
			isa = PBXGroup;
			children = (
				DED6CD20F7282A070E427F37 /* Pods-SimpleSwap.debug.xcconfig */,
				8AF1BD4E41EC3AE5D71505C6 /* Pods-SimpleSwap.release.xcconfig */,
				9E37E7EEB2FB517A59FA0596 /* Pods-SimpleSwap-SimpleSwapUITests.debug.xcconfig */,
				504B5A66C6BB5AB33C52A6B1 /* Pods-SimpleSwap-SimpleSwapUITests.release.xcconfig */,
				2DF693295F2D39F077BA1802 /* Pods-SimpleSwapTests.debug.xcconfig */,
				EEC659B4A297BD716F5FECD8 /* Pods-SimpleSwapTests.release.xcconfig */,
			);
			name = Pods;
			path = Pods;
			sourceTree = "<group>";
		};
		D1049142B9BB9A40592A7B59 /* Frameworks */ = {
			isa = PBXGroup;
			children = (
				58C8E257C5C1FDF7B8864540 /* Pods_SimpleSwap.framework */,
				42AFD037EDC8E3509A202E53 /* Pods_SimpleSwap_SimpleSwapUITests.framework */,
				D9E34C30A19925D4547812D6 /* Pods_SimpleSwapTests.framework */,
			);
			name = Frameworks;
			sourceTree = "<group>";
		};
/* End PBXGroup section */

/* Begin PBXNativeTarget section */
		9F1F861E29DBD5AB00C6BCA3 /* SimpleSwap */ = {
			isa = PBXNativeTarget;
			buildConfigurationList = 9F1F864929DBD5AD00C6BCA3 /* Build configuration list for PBXNativeTarget "SimpleSwap" */;
			buildPhases = (
				AC3447EB5C108E782EED28A0 /* [CP] Check Pods Manifest.lock */,
				9F1F861B29DBD5AB00C6BCA3 /* Sources */,
				9F1F861C29DBD5AB00C6BCA3 /* Frameworks */,
				9F1F861D29DBD5AB00C6BCA3 /* Resources */,
				84412712ED005FB8F9BEFC03 /* [CP] Embed Pods Frameworks */,
			);
			buildRules = (
			);
			dependencies = (
			);
			name = SimpleSwap;
			productName = SimpleSwap;
			productReference = 9F1F861F29DBD5AC00C6BCA3 /* SimpleSwap.app */;
			productType = "com.apple.product-type.application";
		};
		9F1F863429DBD5AD00C6BCA3 /* SimpleSwapTests */ = {
			isa = PBXNativeTarget;
			buildConfigurationList = 9F1F864C29DBD5AD00C6BCA3 /* Build configuration list for PBXNativeTarget "SimpleSwapTests" */;
			buildPhases = (
				74FCEE861F607F63FF559ED1 /* [CP] Check Pods Manifest.lock */,
				9F1F863129DBD5AD00C6BCA3 /* Sources */,
				9F1F863229DBD5AD00C6BCA3 /* Frameworks */,
				9F1F863329DBD5AD00C6BCA3 /* Resources */,
			);
			buildRules = (
			);
			dependencies = (
				9F1F863729DBD5AD00C6BCA3 /* PBXTargetDependency */,
			);
			name = SimpleSwapTests;
			productName = SimpleSwapTests;
			productReference = 9F1F863529DBD5AD00C6BCA3 /* SimpleSwapTests.xctest */;
			productType = "com.apple.product-type.bundle.unit-test";
		};
		9F1F863E29DBD5AD00C6BCA3 /* SimpleSwapUITests */ = {
			isa = PBXNativeTarget;
			buildConfigurationList = 9F1F864F29DBD5AD00C6BCA3 /* Build configuration list for PBXNativeTarget "SimpleSwapUITests" */;
			buildPhases = (
				6585ED04F9A521BBFAC669EE /* [CP] Check Pods Manifest.lock */,
				9F1F863B29DBD5AD00C6BCA3 /* Sources */,
				9F1F863C29DBD5AD00C6BCA3 /* Frameworks */,
				9F1F863D29DBD5AD00C6BCA3 /* Resources */,
				3311C2DF8ECFB6187EF190F9 /* [CP] Embed Pods Frameworks */,
			);
			buildRules = (
			);
			dependencies = (
				9F1F864129DBD5AD00C6BCA3 /* PBXTargetDependency */,
			);
			name = SimpleSwapUITests;
			productName = SimpleSwapUITests;
			productReference = 9F1F863F29DBD5AD00C6BCA3 /* SimpleSwapUITests.xctest */;
			productType = "com.apple.product-type.bundle.ui-testing";
		};
/* End PBXNativeTarget section */

/* Begin PBXProject section */
		9F1F861729DBD5AB00C6BCA3 /* Project object */ = {
			isa = PBXProject;
			attributes = {
				BuildIndependentTargetsInParallel = 1;
				LastSwiftUpdateCheck = 1320;
				LastUpgradeCheck = 1320;
				TargetAttributes = {
					9F1F861E29DBD5AB00C6BCA3 = {
						CreatedOnToolsVersion = 13.2.1;
					};
					9F1F863429DBD5AD00C6BCA3 = {
						CreatedOnToolsVersion = 13.2.1;
						TestTargetID = 9F1F861E29DBD5AB00C6BCA3;
					};
					9F1F863E29DBD5AD00C6BCA3 = {
						CreatedOnToolsVersion = 13.2.1;
						TestTargetID = 9F1F861E29DBD5AB00C6BCA3;
					};
				};
			};
			buildConfigurationList = 9F1F861A29DBD5AB00C6BCA3 /* Build configuration list for PBXProject "SimpleSwap" */;
			compatibilityVersion = "Xcode 13.0";
			developmentRegion = en;
			hasScannedForEncodings = 0;
			knownRegions = (
				en,
				Base,
			);
			mainGroup = 9F1F861629DBD5AB00C6BCA3;
			productRefGroup = 9F1F862029DBD5AC00C6BCA3 /* Products */;
			projectDirPath = "";
			projectRoot = "";
			targets = (
				9F1F861E29DBD5AB00C6BCA3 /* SimpleSwap */,
				9F1F863429DBD5AD00C6BCA3 /* SimpleSwapTests */,
				9F1F863E29DBD5AD00C6BCA3 /* SimpleSwapUITests */,
			);
		};
/* End PBXProject section */

/* Begin PBXResourcesBuildPhase section */
		9F1F861D29DBD5AB00C6BCA3 /* Resources */ = {
			isa = PBXResourcesBuildPhase;
			buildActionMask = 2147483647;
			files = (
				9F1F862F29DBD5AD00C6BCA3 /* LaunchScreen.storyboard in Resources */,
				9F1F862C29DBD5AD00C6BCA3 /* Assets.xcassets in Resources */,
				9F1F862A29DBD5AC00C6BCA3 /* Main.storyboard in Resources */,
			);
			runOnlyForDeploymentPostprocessing = 0;
		};
		9F1F863329DBD5AD00C6BCA3 /* Resources */ = {
			isa = PBXResourcesBuildPhase;
			buildActionMask = 2147483647;
			files = (
			);
			runOnlyForDeploymentPostprocessing = 0;
		};
		9F1F863D29DBD5AD00C6BCA3 /* Resources */ = {
			isa = PBXResourcesBuildPhase;
			buildActionMask = 2147483647;
			files = (
			);
			runOnlyForDeploymentPostprocessing = 0;
		};
/* End PBXResourcesBuildPhase section */

/* Begin PBXShellScriptBuildPhase section */
		3311C2DF8ECFB6187EF190F9 /* [CP] Embed Pods Frameworks */ = {
			isa = PBXShellScriptBuildPhase;
			buildActionMask = 2147483647;
			files = (
			);
			inputFileListPaths = (
				"${PODS_ROOT}/Target Support Files/Pods-SimpleSwap-SimpleSwapUITests/Pods-SimpleSwap-SimpleSwapUITests-frameworks-${CONFIGURATION}-input-files.xcfilelist",
			);
			name = "[CP] Embed Pods Frameworks";
			outputFileListPaths = (
				"${PODS_ROOT}/Target Support Files/Pods-SimpleSwap-SimpleSwapUITests/Pods-SimpleSwap-SimpleSwapUITests-frameworks-${CONFIGURATION}-output-files.xcfilelist",
			);
			runOnlyForDeploymentPostprocessing = 0;
			shellPath = /bin/sh;
			shellScript = "\"${PODS_ROOT}/Target Support Files/Pods-SimpleSwap-SimpleSwapUITests/Pods-SimpleSwap-SimpleSwapUITests-frameworks.sh\"\n";
			showEnvVarsInLog = 0;
		};
		6585ED04F9A521BBFAC669EE /* [CP] Check Pods Manifest.lock */ = {
			isa = PBXShellScriptBuildPhase;
			buildActionMask = 2147483647;
			files = (
			);
			inputFileListPaths = (
			);
			inputPaths = (
				"${PODS_PODFILE_DIR_PATH}/Podfile.lock",
				"${PODS_ROOT}/Manifest.lock",
			);
			name = "[CP] Check Pods Manifest.lock";
			outputFileListPaths = (
			);
			outputPaths = (
				"$(DERIVED_FILE_DIR)/Pods-SimpleSwap-SimpleSwapUITests-checkManifestLockResult.txt",
			);
			runOnlyForDeploymentPostprocessing = 0;
			shellPath = /bin/sh;
			shellScript = "diff \"${PODS_PODFILE_DIR_PATH}/Podfile.lock\" \"${PODS_ROOT}/Manifest.lock\" > /dev/null\nif [ $? != 0 ] ; then\n    # print error to STDERR\n    echo \"error: The sandbox is not in sync with the Podfile.lock. Run 'pod install' or update your CocoaPods installation.\" >&2\n    exit 1\nfi\n# This output is used by Xcode 'outputs' to avoid re-running this script phase.\necho \"SUCCESS\" > \"${SCRIPT_OUTPUT_FILE_0}\"\n";
			showEnvVarsInLog = 0;
		};
		74FCEE861F607F63FF559ED1 /* [CP] Check Pods Manifest.lock */ = {
			isa = PBXShellScriptBuildPhase;
			buildActionMask = 2147483647;
			files = (
			);
			inputFileListPaths = (
			);
			inputPaths = (
				"${PODS_PODFILE_DIR_PATH}/Podfile.lock",
				"${PODS_ROOT}/Manifest.lock",
			);
			name = "[CP] Check Pods Manifest.lock";
			outputFileListPaths = (
			);
			outputPaths = (
				"$(DERIVED_FILE_DIR)/Pods-SimpleSwapTests-checkManifestLockResult.txt",
			);
			runOnlyForDeploymentPostprocessing = 0;
			shellPath = /bin/sh;
			shellScript = "diff \"${PODS_PODFILE_DIR_PATH}/Podfile.lock\" \"${PODS_ROOT}/Manifest.lock\" > /dev/null\nif [ $? != 0 ] ; then\n    # print error to STDERR\n    echo \"error: The sandbox is not in sync with the Podfile.lock. Run 'pod install' or update your CocoaPods installation.\" >&2\n    exit 1\nfi\n# This output is used by Xcode 'outputs' to avoid re-running this script phase.\necho \"SUCCESS\" > \"${SCRIPT_OUTPUT_FILE_0}\"\n";
			showEnvVarsInLog = 0;
		};
		84412712ED005FB8F9BEFC03 /* [CP] Embed Pods Frameworks */ = {
			isa = PBXShellScriptBuildPhase;
			buildActionMask = 2147483647;
			files = (
			);
			inputFileListPaths = (
				"${PODS_ROOT}/Target Support Files/Pods-SimpleSwap/Pods-SimpleSwap-frameworks-${CONFIGURATION}-input-files.xcfilelist",
			);
			name = "[CP] Embed Pods Frameworks";
			outputFileListPaths = (
				"${PODS_ROOT}/Target Support Files/Pods-SimpleSwap/Pods-SimpleSwap-frameworks-${CONFIGURATION}-output-files.xcfilelist",
			);
			runOnlyForDeploymentPostprocessing = 0;
			shellPath = /bin/sh;
			shellScript = "\"${PODS_ROOT}/Target Support Files/Pods-SimpleSwap/Pods-SimpleSwap-frameworks.sh\"\n";
			showEnvVarsInLog = 0;
		};
		AC3447EB5C108E782EED28A0 /* [CP] Check Pods Manifest.lock */ = {
			isa = PBXShellScriptBuildPhase;
			buildActionMask = 2147483647;
			files = (
			);
			inputFileListPaths = (
			);
			inputPaths = (
				"${PODS_PODFILE_DIR_PATH}/Podfile.lock",
				"${PODS_ROOT}/Manifest.lock",
			);
			name = "[CP] Check Pods Manifest.lock";
			outputFileListPaths = (
			);
			outputPaths = (
				"$(DERIVED_FILE_DIR)/Pods-SimpleSwap-checkManifestLockResult.txt",
			);
			runOnlyForDeploymentPostprocessing = 0;
			shellPath = /bin/sh;
			shellScript = "diff \"${PODS_PODFILE_DIR_PATH}/Podfile.lock\" \"${PODS_ROOT}/Manifest.lock\" > /dev/null\nif [ $? != 0 ] ; then\n    # print error to STDERR\n    echo \"error: The sandbox is not in sync with the Podfile.lock. Run 'pod install' or update your CocoaPods installation.\" >&2\n    exit 1\nfi\n# This output is used by Xcode 'outputs' to avoid re-running this script phase.\necho \"SUCCESS\" > \"${SCRIPT_OUTPUT_FILE_0}\"\n";
			showEnvVarsInLog = 0;
		};
/* End PBXShellScriptBuildPhase section */

/* Begin PBXSourcesBuildPhase section */
		9F1F861B29DBD5AB00C6BCA3 /* Sources */ = {
			isa = PBXSourcesBuildPhase;
			buildActionMask = 2147483647;
			files = (
				9F1F862729DBD5AC00C6BCA3 /* ViewController.swift in Sources */,
				9F1F865929DBDB6B00C6BCA3 /* ConverViewController.swift in Sources */,
				9F1F862329DBD5AC00C6BCA3 /* AppDelegate.swift in Sources */,
				9F1F862529DBD5AC00C6BCA3 /* SceneDelegate.swift in Sources */,
				9F1F865B29DBDBC200C6BCA3 /* SymbolsViewController.swift in Sources */,
			);
			runOnlyForDeploymentPostprocessing = 0;
		};
		9F1F863129DBD5AD00C6BCA3 /* Sources */ = {
			isa = PBXSourcesBuildPhase;
			buildActionMask = 2147483647;
			files = (
				9F1F863A29DBD5AD00C6BCA3 /* SimpleSwapTests.swift in Sources */,
			);
			runOnlyForDeploymentPostprocessing = 0;
		};
		9F1F863B29DBD5AD00C6BCA3 /* Sources */ = {
			isa = PBXSourcesBuildPhase;
			buildActionMask = 2147483647;
			files = (
				9F1F864429DBD5AD00C6BCA3 /* SimpleSwapUITests.swift in Sources */,
				9F1F864629DBD5AD00C6BCA3 /* SimpleSwapUITestsLaunchTests.swift in Sources */,
			);
			runOnlyForDeploymentPostprocessing = 0;
		};
/* End PBXSourcesBuildPhase section */

/* Begin PBXTargetDependency section */
		9F1F863729DBD5AD00C6BCA3 /* PBXTargetDependency */ = {
			isa = PBXTargetDependency;
			target = 9F1F861E29DBD5AB00C6BCA3 /* SimpleSwap */;
			targetProxy = 9F1F863629DBD5AD00C6BCA3 /* PBXContainerItemProxy */;
		};
		9F1F864129DBD5AD00C6BCA3 /* PBXTargetDependency */ = {
			isa = PBXTargetDependency;
			target = 9F1F861E29DBD5AB00C6BCA3 /* SimpleSwap */;
			targetProxy = 9F1F864029DBD5AD00C6BCA3 /* PBXContainerItemProxy */;
		};
/* End PBXTargetDependency section */

/* Begin PBXVariantGroup section */
		9F1F862829DBD5AC00C6BCA3 /* Main.storyboard */ = {
			isa = PBXVariantGroup;
			children = (
				9F1F862929DBD5AC00C6BCA3 /* Base */,
			);
			name = Main.storyboard;
			sourceTree = "<group>";
		};
		9F1F862D29DBD5AD00C6BCA3 /* LaunchScreen.storyboard */ = {
			isa = PBXVariantGroup;
			children = (
				9F1F862E29DBD5AD00C6BCA3 /* Base */,
			);
			name = LaunchScreen.storyboard;
			sourceTree = "<group>";
		};
/* End PBXVariantGroup section */

/* Begin XCBuildConfiguration section */
		9F1F864729DBD5AD00C6BCA3 /* Debug */ = {
			isa = XCBuildConfiguration;
			buildSettings = {
				ALWAYS_SEARCH_USER_PATHS = NO;
				CLANG_ANALYZER_NONNULL = YES;
				CLANG_ANALYZER_NUMBER_OBJECT_CONVERSION = YES_AGGRESSIVE;
				CLANG_CXX_LANGUAGE_STANDARD = "gnu++17";
				CLANG_CXX_LIBRARY = "libc++";
				CLANG_ENABLE_MODULES = YES;
				CLANG_ENABLE_OBJC_ARC = YES;
				CLANG_ENABLE_OBJC_WEAK = YES;
				CLANG_WARN_BLOCK_CAPTURE_AUTORELEASING = YES;
				CLANG_WARN_BOOL_CONVERSION = YES;
				CLANG_WARN_COMMA = YES;
				CLANG_WARN_CONSTANT_CONVERSION = YES;
				CLANG_WARN_DEPRECATED_OBJC_IMPLEMENTATIONS = YES;
				CLANG_WARN_DIRECT_OBJC_ISA_USAGE = YES_ERROR;
				CLANG_WARN_DOCUMENTATION_COMMENTS = YES;
				CLANG_WARN_EMPTY_BODY = YES;
				CLANG_WARN_ENUM_CONVERSION = YES;
				CLANG_WARN_INFINITE_RECURSION = YES;
				CLANG_WARN_INT_CONVERSION = YES;
				CLANG_WARN_NON_LITERAL_NULL_CONVERSION = YES;
				CLANG_WARN_OBJC_IMPLICIT_RETAIN_SELF = YES;
				CLANG_WARN_OBJC_LITERAL_CONVERSION = YES;
				CLANG_WARN_OBJC_ROOT_CLASS = YES_ERROR;
				CLANG_WARN_QUOTED_INCLUDE_IN_FRAMEWORK_HEADER = YES;
				CLANG_WARN_RANGE_LOOP_ANALYSIS = YES;
				CLANG_WARN_STRICT_PROTOTYPES = YES;
				CLANG_WARN_SUSPICIOUS_MOVE = YES;
				CLANG_WARN_UNGUARDED_AVAILABILITY = YES_AGGRESSIVE;
				CLANG_WARN_UNREACHABLE_CODE = YES;
				CLANG_WARN__DUPLICATE_METHOD_MATCH = YES;
				COPY_PHASE_STRIP = NO;
				DEBUG_INFORMATION_FORMAT = dwarf;
				ENABLE_STRICT_OBJC_MSGSEND = YES;
				ENABLE_TESTABILITY = YES;
				GCC_C_LANGUAGE_STANDARD = gnu11;
				GCC_DYNAMIC_NO_PIC = NO;
				GCC_NO_COMMON_BLOCKS = YES;
				GCC_OPTIMIZATION_LEVEL = 0;
				GCC_PREPROCESSOR_DEFINITIONS = (
					"DEBUG=1",
					"$(inherited)",
				);
				GCC_WARN_64_TO_32_BIT_CONVERSION = YES;
				GCC_WARN_ABOUT_RETURN_TYPE = YES_ERROR;
				GCC_WARN_UNDECLARED_SELECTOR = YES;
				GCC_WARN_UNINITIALIZED_AUTOS = YES_AGGRESSIVE;
				GCC_WARN_UNUSED_FUNCTION = YES;
				GCC_WARN_UNUSED_VARIABLE = YES;
				IPHONEOS_DEPLOYMENT_TARGET = 15.2;
				MTL_ENABLE_DEBUG_INFO = INCLUDE_SOURCE;
				MTL_FAST_MATH = YES;
				ONLY_ACTIVE_ARCH = YES;
				SDKROOT = iphoneos;
				SWIFT_ACTIVE_COMPILATION_CONDITIONS = DEBUG;
				SWIFT_OPTIMIZATION_LEVEL = "-Onone";
			};
			name = Debug;
		};
		9F1F864829DBD5AD00C6BCA3 /* Release */ = {
			isa = XCBuildConfiguration;
			buildSettings = {
				ALWAYS_SEARCH_USER_PATHS = NO;
				CLANG_ANALYZER_NONNULL = YES;
				CLANG_ANALYZER_NUMBER_OBJECT_CONVERSION = YES_AGGRESSIVE;
				CLANG_CXX_LANGUAGE_STANDARD = "gnu++17";
				CLANG_CXX_LIBRARY = "libc++";
				CLANG_ENABLE_MODULES = YES;
				CLANG_ENABLE_OBJC_ARC = YES;
				CLANG_ENABLE_OBJC_WEAK = YES;
				CLANG_WARN_BLOCK_CAPTURE_AUTORELEASING = YES;
				CLANG_WARN_BOOL_CONVERSION = YES;
				CLANG_WARN_COMMA = YES;
				CLANG_WARN_CONSTANT_CONVERSION = YES;
				CLANG_WARN_DEPRECATED_OBJC_IMPLEMENTATIONS = YES;
				CLANG_WARN_DIRECT_OBJC_ISA_USAGE = YES_ERROR;
				CLANG_WARN_DOCUMENTATION_COMMENTS = YES;
				CLANG_WARN_EMPTY_BODY = YES;
				CLANG_WARN_ENUM_CONVERSION = YES;
				CLANG_WARN_INFINITE_RECURSION = YES;
				CLANG_WARN_INT_CONVERSION = YES;
				CLANG_WARN_NON_LITERAL_NULL_CONVERSION = YES;
				CLANG_WARN_OBJC_IMPLICIT_RETAIN_SELF = YES;
				CLANG_WARN_OBJC_LITERAL_CONVERSION = YES;
				CLANG_WARN_OBJC_ROOT_CLASS = YES_ERROR;
				CLANG_WARN_QUOTED_INCLUDE_IN_FRAMEWORK_HEADER = YES;
				CLANG_WARN_RANGE_LOOP_ANALYSIS = YES;
				CLANG_WARN_STRICT_PROTOTYPES = YES;
				CLANG_WARN_SUSPICIOUS_MOVE = YES;
				CLANG_WARN_UNGUARDED_AVAILABILITY = YES_AGGRESSIVE;
				CLANG_WARN_UNREACHABLE_CODE = YES;
				CLANG_WARN__DUPLICATE_METHOD_MATCH = YES;
				COPY_PHASE_STRIP = NO;
				DEBUG_INFORMATION_FORMAT = "dwarf-with-dsym";
				ENABLE_NS_ASSERTIONS = NO;
				ENABLE_STRICT_OBJC_MSGSEND = YES;
				GCC_C_LANGUAGE_STANDARD = gnu11;
				GCC_NO_COMMON_BLOCKS = YES;
				GCC_WARN_64_TO_32_BIT_CONVERSION = YES;
				GCC_WARN_ABOUT_RETURN_TYPE = YES_ERROR;
				GCC_WARN_UNDECLARED_SELECTOR = YES;
				GCC_WARN_UNINITIALIZED_AUTOS = YES_AGGRESSIVE;
				GCC_WARN_UNUSED_FUNCTION = YES;
				GCC_WARN_UNUSED_VARIABLE = YES;
				IPHONEOS_DEPLOYMENT_TARGET = 15.2;
				MTL_ENABLE_DEBUG_INFO = NO;
				MTL_FAST_MATH = YES;
				SDKROOT = iphoneos;
				SWIFT_COMPILATION_MODE = wholemodule;
				SWIFT_OPTIMIZATION_LEVEL = "-O";
				VALIDATE_PRODUCT = YES;
			};
			name = Release;
		};
		9F1F864A29DBD5AD00C6BCA3 /* Debug */ = {
			isa = XCBuildConfiguration;
			baseConfigurationReference = DED6CD20F7282A070E427F37 /* Pods-SimpleSwap.debug.xcconfig */;
			buildSettings = {
				ASSETCATALOG_COMPILER_APPICON_NAME = AppIcon;
				ASSETCATALOG_COMPILER_GLOBAL_ACCENT_COLOR_NAME = AccentColor;
				CODE_SIGN_STYLE = Automatic;
				CURRENT_PROJECT_VERSION = 1;
				GENERATE_INFOPLIST_FILE = YES;
				INFOPLIST_FILE = SimpleSwap/Info.plist;
				INFOPLIST_KEY_UIApplicationSupportsIndirectInputEvents = YES;
				INFOPLIST_KEY_UILaunchStoryboardName = LaunchScreen;
				INFOPLIST_KEY_UIMainStoryboardFile = Main;
				INFOPLIST_KEY_UISupportedInterfaceOrientations_iPad = "UIInterfaceOrientationPortrait UIInterfaceOrientationPortraitUpsideDown UIInterfaceOrientationLandscapeLeft UIInterfaceOrientationLandscapeRight";
				INFOPLIST_KEY_UISupportedInterfaceOrientations_iPhone = "UIInterfaceOrientationPortrait UIInterfaceOrientationLandscapeLeft UIInterfaceOrientationLandscapeRight";
				LD_RUNPATH_SEARCH_PATHS = (
					"$(inherited)",
					"@executable_path/Frameworks",
				);
				MARKETING_VERSION = 1.0;
				PRODUCT_BUNDLE_IDENTIFIER = au.SimpleSwap;
				PRODUCT_NAME = "$(TARGET_NAME)";
				SWIFT_EMIT_LOC_STRINGS = YES;
				SWIFT_VERSION = 5.0;
				TARGETED_DEVICE_FAMILY = "1,2";
			};
			name = Debug;
		};
		9F1F864B29DBD5AD00C6BCA3 /* Release */ = {
			isa = XCBuildConfiguration;
			baseConfigurationReference = 8AF1BD4E41EC3AE5D71505C6 /* Pods-SimpleSwap.release.xcconfig */;
			buildSettings = {
				ASSETCATALOG_COMPILER_APPICON_NAME = AppIcon;
				ASSETCATALOG_COMPILER_GLOBAL_ACCENT_COLOR_NAME = AccentColor;
				CODE_SIGN_STYLE = Automatic;
				CURRENT_PROJECT_VERSION = 1;
				GENERATE_INFOPLIST_FILE = YES;
				INFOPLIST_FILE = SimpleSwap/Info.plist;
				INFOPLIST_KEY_UIApplicationSupportsIndirectInputEvents = YES;
				INFOPLIST_KEY_UILaunchStoryboardName = LaunchScreen;
				INFOPLIST_KEY_UIMainStoryboardFile = Main;
				INFOPLIST_KEY_UISupportedInterfaceOrientations_iPad = "UIInterfaceOrientationPortrait UIInterfaceOrientationPortraitUpsideDown UIInterfaceOrientationLandscapeLeft UIInterfaceOrientationLandscapeRight";
				INFOPLIST_KEY_UISupportedInterfaceOrientations_iPhone = "UIInterfaceOrientationPortrait UIInterfaceOrientationLandscapeLeft UIInterfaceOrientationLandscapeRight";
				LD_RUNPATH_SEARCH_PATHS = (
					"$(inherited)",
					"@executable_path/Frameworks",
				);
				MARKETING_VERSION = 1.0;
				PRODUCT_BUNDLE_IDENTIFIER = au.SimpleSwap;
				PRODUCT_NAME = "$(TARGET_NAME)";
				SWIFT_EMIT_LOC_STRINGS = YES;
				SWIFT_VERSION = 5.0;
				TARGETED_DEVICE_FAMILY = "1,2";
			};
			name = Release;
		};
		9F1F864D29DBD5AD00C6BCA3 /* Debug */ = {
			isa = XCBuildConfiguration;
			baseConfigurationReference = 2DF693295F2D39F077BA1802 /* Pods-SimpleSwapTests.debug.xcconfig */;
			buildSettings = {
				ALWAYS_EMBED_SWIFT_STANDARD_LIBRARIES = YES;
				BUNDLE_LOADER = "$(TEST_HOST)";
				CODE_SIGN_STYLE = Automatic;
				CURRENT_PROJECT_VERSION = 1;
				GENERATE_INFOPLIST_FILE = YES;
				IPHONEOS_DEPLOYMENT_TARGET = 15.2;
				MARKETING_VERSION = 1.0;
				PRODUCT_BUNDLE_IDENTIFIER = au.SimpleSwapTests;
				PRODUCT_NAME = "$(TARGET_NAME)";
				SWIFT_EMIT_LOC_STRINGS = NO;
				SWIFT_VERSION = 5.0;
				TARGETED_DEVICE_FAMILY = "1,2";
				TEST_HOST = "$(BUILT_PRODUCTS_DIR)/SimpleSwap.app/SimpleSwap";
			};
			name = Debug;
		};
		9F1F864E29DBD5AD00C6BCA3 /* Release */ = {
			isa = XCBuildConfiguration;
			baseConfigurationReference = EEC659B4A297BD716F5FECD8 /* Pods-SimpleSwapTests.release.xcconfig */;
			buildSettings = {
				ALWAYS_EMBED_SWIFT_STANDARD_LIBRARIES = YES;
				BUNDLE_LOADER = "$(TEST_HOST)";
				CODE_SIGN_STYLE = Automatic;
				CURRENT_PROJECT_VERSION = 1;
				GENERATE_INFOPLIST_FILE = YES;
				IPHONEOS_DEPLOYMENT_TARGET = 15.2;
				MARKETING_VERSION = 1.0;
				PRODUCT_BUNDLE_IDENTIFIER = au.SimpleSwapTests;
				PRODUCT_NAME = "$(TARGET_NAME)";
				SWIFT_EMIT_LOC_STRINGS = NO;
				SWIFT_VERSION = 5.0;
				TARGETED_DEVICE_FAMILY = "1,2";
				TEST_HOST = "$(BUILT_PRODUCTS_DIR)/SimpleSwap.app/SimpleSwap";
			};
			name = Release;
		};
		9F1F865029DBD5AD00C6BCA3 /* Debug */ = {
			isa = XCBuildConfiguration;
			baseConfigurationReference = 9E37E7EEB2FB517A59FA0596 /* Pods-SimpleSwap-SimpleSwapUITests.debug.xcconfig */;
			buildSettings = {
				ALWAYS_EMBED_SWIFT_STANDARD_LIBRARIES = YES;
				CODE_SIGN_STYLE = Automatic;
				CURRENT_PROJECT_VERSION = 1;
				GENERATE_INFOPLIST_FILE = YES;
				MARKETING_VERSION = 1.0;
				PRODUCT_BUNDLE_IDENTIFIER = au.SimpleSwapUITests;
				PRODUCT_NAME = "$(TARGET_NAME)";
				SWIFT_EMIT_LOC_STRINGS = NO;
				SWIFT_VERSION = 5.0;
				TARGETED_DEVICE_FAMILY = "1,2";
				TEST_TARGET_NAME = SimpleSwap;
			};
			name = Debug;
		};
		9F1F865129DBD5AD00C6BCA3 /* Release */ = {
			isa = XCBuildConfiguration;
			baseConfigurationReference = 504B5A66C6BB5AB33C52A6B1 /* Pods-SimpleSwap-SimpleSwapUITests.release.xcconfig */;
			buildSettings = {
				ALWAYS_EMBED_SWIFT_STANDARD_LIBRARIES = YES;
				CODE_SIGN_STYLE = Automatic;
				CURRENT_PROJECT_VERSION = 1;
				GENERATE_INFOPLIST_FILE = YES;
				MARKETING_VERSION = 1.0;
				PRODUCT_BUNDLE_IDENTIFIER = au.SimpleSwapUITests;
				PRODUCT_NAME = "$(TARGET_NAME)";
				SWIFT_EMIT_LOC_STRINGS = NO;
				SWIFT_VERSION = 5.0;
				TARGETED_DEVICE_FAMILY = "1,2";
				TEST_TARGET_NAME = SimpleSwap;
			};
			name = Release;
		};
/* End XCBuildConfiguration section */

/* Begin XCConfigurationList section */
		9F1F861A29DBD5AB00C6BCA3 /* Build configuration list for PBXProject "SimpleSwap" */ = {
			isa = XCConfigurationList;
			buildConfigurations = (
				9F1F864729DBD5AD00C6BCA3 /* Debug */,
				9F1F864829DBD5AD00C6BCA3 /* Release */,
			);
			defaultConfigurationIsVisible = 0;
			defaultConfigurationName = Release;
		};
		9F1F864929DBD5AD00C6BCA3 /* Build configuration list for PBXNativeTarget "SimpleSwap" */ = {
			isa = XCConfigurationList;
			buildConfigurations = (
				9F1F864A29DBD5AD00C6BCA3 /* Debug */,
				9F1F864B29DBD5AD00C6BCA3 /* Release */,
			);
			defaultConfigurationIsVisible = 0;
			defaultConfigurationName = Release;
		};
		9F1F864C29DBD5AD00C6BCA3 /* Build configuration list for PBXNativeTarget "SimpleSwapTests" */ = {
			isa = XCConfigurationList;
			buildConfigurations = (
				9F1F864D29DBD5AD00C6BCA3 /* Debug */,
				9F1F864E29DBD5AD00C6BCA3 /* Release */,
			);
			defaultConfigurationIsVisible = 0;
			defaultConfigurationName = Release;
		};
		9F1F864F29DBD5AD00C6BCA3 /* Build configuration list for PBXNativeTarget "SimpleSwapUITests" */ = {
			isa = XCConfigurationList;
			buildConfigurations = (
				9F1F865029DBD5AD00C6BCA3 /* Debug */,
				9F1F865129DBD5AD00C6BCA3 /* Release */,
			);
			defaultConfigurationIsVisible = 0;
			defaultConfigurationName = Release;
		};
/* End XCConfigurationList section */
	};
	rootObject = 9F1F861729DBD5AB00C6BCA3 /* Project object */;
}
